
Microsoft Visual Studio Solution File, Format Version 12.00
# Visual Studio 15
Project("{FAE04EC0-301F-11D3-BF4B-00C04F79EFBC}") = "Assembly-CSharp", "Assembly-CSharp.csproj", "{66FC73F4-A5D1-BCAA-DE2B-3AE9EB73B2D3}"
EndProject
Project("{FAE04EC0-301F-11D3-BF4B-00C04F79EFBC}") = "Assembly-CSharp", "Assembly-CSharp.Player.csproj", "{C4B5F355-53D6-F2DB-81BF-DFEAF0FC23D4}"
EndProject
Global
	GlobalSection(SolutionConfigurationPlatforms) = preSolution
		Debug|Any CPU = Debug|Any CPU
		Release|Any CPU = Release|Any CPU
	EndGlobalSection
	GlobalSection(ProjectConfigurationPlatforms) = postSolution
		{66FC73F4-A5D1-BCAA-DE2B-3AE9EB73B2D3}.Debug|Any CPU.ActiveCfg = Debug|Any CPU
		{66FC73F4-A5D1-BCAA-DE2B-3AE9EB73B2D3}.Debug|Any CPU.Build.0 = Debug|Any CPU
		{66FC73F4-A5D1-BCAA-DE2B-3AE9EB73B2D3}.Release|Any CPU.ActiveCfg = Release|Any CPU
		{66FC73F4-A5D1-BCAA-DE2B-3AE9EB73B2D3}.Release|Any CPU.Build.0 = Release|Any CPU
		{C4B5F355-53D6-F2DB-81BF-DFEAF0FC23D4}.Debug|Any CPU.ActiveCfg = Debug|Any CPU
		{C4B5F355-53D6-F2DB-81BF-DFEAF0FC23D4}.Debug|Any CPU.Build.0 = Debug|Any CPU
		{C4B5F355-53D6-F2DB-81BF-DFEAF0FC23D4}.Release|Any CPU.ActiveCfg = Release|Any CPU
		{C4B5F355-53D6-F2DB-81BF-DFEAF0FC23D4}.Release|Any CPU.Build.0 = Release|Any CPU
	EndGlobalSection
	GlobalSection(SolutionProperties) = preSolution
		HideSolutionNode = FALSE
	EndGlobalSection
EndGlobal
